// !$*UTF8*$!
{
	archiveVersion = 1;
	classes = {
	};
	objectVersion = 56;
	objects = {

/* Begin PBXBuildFile section */
		BE0DCE7C2B989E1B00249D2E /* AppDelegate.swift in Sources */ = {isa = PBXBuildFile; fileRef = BE0DCE7B2B989E1B00249D2E /* AppDelegate.swift */; };
		BE0DCE7E2B989E1B00249D2E /* SceneDelegate.swift in Sources */ = {isa = PBXBuildFile; fileRef = BE0DCE7D2B989E1B00249D2E /* SceneDelegate.swift */; };
		BE0DCE802B989E1B00249D2E /* WeatherViewController.swift in Sources */ = {isa = PBXBuildFile; fileRef = BE0DCE7F2B989E1B00249D2E /* WeatherViewController.swift */; };
		BE0DCE882B989E1D00249D2E /* LaunchScreen.storyboard in Resources */ = {isa = PBXBuildFile; fileRef = BE0DCE862B989E1D00249D2E /* LaunchScreen.storyboard */; };
		BE0DCE962B989EDB00249D2E /* Assets.xcassets in Resources */ = {isa = PBXBuildFile; fileRef = BE0DCE952B989EDB00249D2E /* Assets.xcassets */; };
		BE0DCE9D2B98A02400249D2E /* WeatherView.swift in Sources */ = {isa = PBXBuildFile; fileRef = BE0DCE9C2B98A02400249D2E /* WeatherView.swift */; };
		BE0DCEA02B98F2DF00249D2E /* Gilroy-Bold.ttf in Resources */ = {isa = PBXBuildFile; fileRef = BE0DCE9E2B98F2DF00249D2E /* Gilroy-Bold.ttf */; };
		BE0DCEA12B98F2DF00249D2E /* Gilroy-Regular.ttf in Resources */ = {isa = PBXBuildFile; fileRef = BE0DCE9F2B98F2DF00249D2E /* Gilroy-Regular.ttf */; };
		BEB5FA0E2B9B9BB500DA2924 /* WeatherManager.swift in Sources */ = {isa = PBXBuildFile; fileRef = BEB5FA0D2B9B9BB500DA2924 /* WeatherManager.swift */; };
		BEB5FA102B9F019200DA2924 /* WeatherData.swift in Sources */ = {isa = PBXBuildFile; fileRef = BEB5FA0F2B9F019200DA2924 /* WeatherData.swift */; };
		BEB5FA122B9F423200DA2924 /* WeatherModel.swift in Sources */ = {isa = PBXBuildFile; fileRef = BEB5FA112B9F423200DA2924 /* WeatherModel.swift */; };
/* End PBXBuildFile section */

/* Begin PBXFileReference section */
		BE0DCE782B989E1B00249D2E /* Clima.app */ = {isa = PBXFileReference; explicitFileType = wrapper.application; includeInIndex = 0; path = Clima.app; sourceTree = BUILT_PRODUCTS_DIR; };
		BE0DCE7B2B989E1B00249D2E /* AppDelegate.swift */ = {isa = PBXFileReference; lastKnownFileType = sourcecode.swift; path = AppDelegate.swift; sourceTree = "<group>"; };
		BE0DCE7D2B989E1B00249D2E /* SceneDelegate.swift */ = {isa = PBXFileReference; lastKnownFileType = sourcecode.swift; path = SceneDelegate.swift; sourceTree = "<group>"; };
		BE0DCE7F2B989E1B00249D2E /* WeatherViewController.swift */ = {isa = PBXFileReference; lastKnownFileType = sourcecode.swift; path = WeatherViewController.swift; sourceTree = "<group>"; };
		BE0DCE872B989E1D00249D2E /* Base */ = {isa = PBXFileReference; lastKnownFileType = file.storyboard; name = Base; path = Base.lproj/LaunchScreen.storyboard; sourceTree = "<group>"; };
		BE0DCE892B989E1D00249D2E /* Info.plist */ = {isa = PBXFileReference; lastKnownFileType = text.plist.xml; path = Info.plist; sourceTree = "<group>"; };
		BE0DCE952B989EDB00249D2E /* Assets.xcassets */ = {isa = PBXFileReference; lastKnownFileType = folder.assetcatalog; path = Assets.xcassets; sourceTree = "<group>"; };
		BE0DCE9C2B98A02400249D2E /* WeatherView.swift */ = {isa = PBXFileReference; lastKnownFileType = sourcecode.swift; path = WeatherView.swift; sourceTree = "<group>"; };
		BE0DCE9E2B98F2DF00249D2E /* Gilroy-Bold.ttf */ = {isa = PBXFileReference; lastKnownFileType = file; path = "Gilroy-Bold.ttf"; sourceTree = "<group>"; };
		BE0DCE9F2B98F2DF00249D2E /* Gilroy-Regular.ttf */ = {isa = PBXFileReference; lastKnownFileType = file; path = "Gilroy-Regular.ttf"; sourceTree = "<group>"; };
		BEB5FA0D2B9B9BB500DA2924 /* WeatherManager.swift */ = {isa = PBXFileReference; lastKnownFileType = sourcecode.swift; path = WeatherManager.swift; sourceTree = "<group>"; };
		BEB5FA0F2B9F019200DA2924 /* WeatherData.swift */ = {isa = PBXFileReference; lastKnownFileType = sourcecode.swift; path = WeatherData.swift; sourceTree = "<group>"; };
		BEB5FA112B9F423200DA2924 /* WeatherModel.swift */ = {isa = PBXFileReference; lastKnownFileType = sourcecode.swift; path = WeatherModel.swift; sourceTree = "<group>"; };
/* End PBXFileReference section */

/* Begin PBXFrameworksBuildPhase section */
		BE0DCE752B989E1B00249D2E /* Frameworks */ = {
			isa = PBXFrameworksBuildPhase;
			buildActionMask = 2147483647;
			files = (
			);
			runOnlyForDeploymentPostprocessing = 0;
		};
/* End PBXFrameworksBuildPhase section */

/* Begin PBXGroup section */
		BE0DCE6F2B989E1B00249D2E = {
			isa = PBXGroup;
			children = (
				BE0DCE7A2B989E1B00249D2E /* Clima */,
				BE0DCE792B989E1B00249D2E /* Products */,
			);
			sourceTree = "<group>";
		};
		BE0DCE792B989E1B00249D2E /* Products */ = {
			isa = PBXGroup;
			children = (
				BE0DCE782B989E1B00249D2E /* Clima.app */,
			);
			name = Products;
			sourceTree = "<group>";
		};
		BE0DCE7A2B989E1B00249D2E /* Clima */ = {
			isa = PBXGroup;
			children = (
				BE0DCE932B989E8700249D2E /* Application */,
				BEB5FA152B9F426D00DA2924 /* Model */,
				BEB5FA132B9F424600DA2924 /* View */,
				BEB5FA142B9F424C00DA2924 /* Cotroller */,
				BE0DCE972B989F4700249D2E /* Fonts */,
				BE0DCE942B989E9700249D2E /* Resources */,
			);
			path = Clima;
			sourceTree = "<group>";
		};
		BE0DCE932B989E8700249D2E /* Application */ = {
			isa = PBXGroup;
			children = (
				BE0DCE7B2B989E1B00249D2E /* AppDelegate.swift */,
				BE0DCE7D2B989E1B00249D2E /* SceneDelegate.swift */,
			);
			path = Application;
			sourceTree = "<group>";
		};
		BE0DCE942B989E9700249D2E /* Resources */ = {
			isa = PBXGroup;
			children = (
				BE0DCE952B989EDB00249D2E /* Assets.xcassets */,
				BE0DCE862B989E1D00249D2E /* LaunchScreen.storyboard */,
				BE0DCE892B989E1D00249D2E /* Info.plist */,
			);
			path = Resources;
			sourceTree = "<group>";
		};
		BE0DCE972B989F4700249D2E /* Fonts */ = {
			isa = PBXGroup;
			children = (
				BE0DCE9E2B98F2DF00249D2E /* Gilroy-Bold.ttf */,
				BE0DCE9F2B98F2DF00249D2E /* Gilroy-Regular.ttf */,
			);
			path = Fonts;
			sourceTree = "<group>";
		};
		BEB5FA132B9F424600DA2924 /* View */ = {
			isa = PBXGroup;
			children = (
				BE0DCE9C2B98A02400249D2E /* WeatherView.swift */,
			);
			path = View;
			sourceTree = "<group>";
		};
		BEB5FA142B9F424C00DA2924 /* Cotroller */ = {
			isa = PBXGroup;
			children = (
				BE0DCE7F2B989E1B00249D2E /* WeatherViewController.swift */,
			);
			path = Cotroller;
			sourceTree = "<group>";
		};
		BEB5FA152B9F426D00DA2924 /* Model */ = {
			isa = PBXGroup;
			children = (
				BEB5FA0F2B9F019200DA2924 /* WeatherData.swift */,
				BEB5FA112B9F423200DA2924 /* WeatherModel.swift */,
				BEB5FA0D2B9B9BB500DA2924 /* WeatherManager.swift */,
			);
			path = Model;
			sourceTree = "<group>";
		};
/* End PBXGroup section */

/* Begin PBXNativeTarget section */
		BE0DCE772B989E1B00249D2E /* Clima */ = {
			isa = PBXNativeTarget;
			buildConfigurationList = BE0DCE8C2B989E1D00249D2E /* Build configuration list for PBXNativeTarget "Clima" */;
			buildPhases = (
				BE0DCE742B989E1B00249D2E /* Sources */,
				BE0DCE752B989E1B00249D2E /* Frameworks */,
				BE0DCE762B989E1B00249D2E /* Resources */,
			);
			buildRules = (
			);
			dependencies = (
			);
			name = Clima;
			productName = Clima;
			productReference = BE0DCE782B989E1B00249D2E /* Clima.app */;
			productType = "com.apple.product-type.application";
		};
/* End PBXNativeTarget section */

/* Begin PBXProject section */
		BE0DCE702B989E1B00249D2E /* Project object */ = {
			isa = PBXProject;
			attributes = {
				BuildIndependentTargetsInParallel = 1;
				LastSwiftUpdateCheck = 1520;
				LastUpgradeCheck = 1520;
				TargetAttributes = {
					BE0DCE772B989E1B00249D2E = {
						CreatedOnToolsVersion = 15.2;
					};
				};
			};
			buildConfigurationList = BE0DCE732B989E1B00249D2E /* Build configuration list for PBXProject "Clima" */;
			compatibilityVersion = "Xcode 14.0";
			developmentRegion = en;
			hasScannedForEncodings = 0;
			knownRegions = (
				en,
				Base,
			);
			mainGroup = BE0DCE6F2B989E1B00249D2E;
			productRefGroup = BE0DCE792B989E1B00249D2E /* Products */;
			projectDirPath = "";
			projectRoot = "";
			targets = (
				BE0DCE772B989E1B00249D2E /* Clima */,
			);
		};
/* End PBXProject section */

/* Begin PBXResourcesBuildPhase section */
		BE0DCE762B989E1B00249D2E /* Resources */ = {
			isa = PBXResourcesBuildPhase;
			buildActionMask = 2147483647;
			files = (
				BE0DCEA02B98F2DF00249D2E /* Gilroy-Bold.ttf in Resources */,
				BE0DCEA12B98F2DF00249D2E /* Gilroy-Regular.ttf in Resources */,
				BE0DCE882B989E1D00249D2E /* LaunchScreen.storyboard in Resources */,
				BE0DCE962B989EDB00249D2E /* Assets.xcassets in Resources */,
			);
			runOnlyForDeploymentPostprocessing = 0;
		};
/* End PBXResourcesBuildPhase section */

/* Begin PBXSourcesBuildPhase section */
		BE0DCE742B989E1B00249D2E /* Sources */ = {
			isa = PBXSourcesBuildPhase;
			buildActionMask = 2147483647;
			files = (
				BE0DCE802B989E1B00249D2E /* WeatherViewController.swift in Sources */,
				BE0DCE7C2B989E1B00249D2E /* AppDelegate.swift in Sources */,
				BEB5FA0E2B9B9BB500DA2924 /* WeatherManager.swift in Sources */,
				BEB5FA122B9F423200DA2924 /* WeatherModel.swift in Sources */,
				BE0DCE7E2B989E1B00249D2E /* SceneDelegate.swift in Sources */,
				BEB5FA102B9F019200DA2924 /* WeatherData.swift in Sources */,
				BE0DCE9D2B98A02400249D2E /* WeatherView.swift in Sources */,
			);
			runOnlyForDeploymentPostprocessing = 0;
		};
/* End PBXSourcesBuildPhase section */

/* Begin PBXVariantGroup section */
		BE0DCE862B989E1D00249D2E /* LaunchScreen.storyboard */ = {
			isa = PBXVariantGroup;
			children = (
				BE0DCE872B989E1D00249D2E /* Base */,
			);
			name = LaunchScreen.storyboard;
			sourceTree = "<group>";
		};
/* End PBXVariantGroup section */

/* Begin XCBuildConfiguration section */
		BE0DCE8A2B989E1D00249D2E /* Debug */ = {
			isa = XCBuildConfiguration;
			buildSettings = {
				ALWAYS_SEARCH_USER_PATHS = NO;
				ASSETCATALOG_COMPILER_GENERATE_SWIFT_ASSET_SYMBOL_EXTENSIONS = YES;
				CLANG_ANALYZER_NONNULL = YES;
				CLANG_ANALYZER_NUMBER_OBJECT_CONVERSION = YES_AGGRESSIVE;
				CLANG_CXX_LANGUAGE_STANDARD = "gnu++20";
				CLANG_ENABLE_MODULES = YES;
				CLANG_ENABLE_OBJC_ARC = YES;
				CLANG_ENABLE_OBJC_WEAK = YES;
				CLANG_WARN_BLOCK_CAPTURE_AUTORELEASING = YES;
				CLANG_WARN_BOOL_CONVERSION = YES;
				CLANG_WARN_COMMA = YES;
				CLANG_WARN_CONSTANT_CONVERSION = YES;
				CLANG_WARN_DEPRECATED_OBJC_IMPLEMENTATIONS = YES;
				CLANG_WARN_DIRECT_OBJC_ISA_USAGE = YES_ERROR;
				CLANG_WARN_DOCUMENTATION_COMMENTS = YES;
				CLANG_WARN_EMPTY_BODY = YES;
				CLANG_WARN_ENUM_CONVERSION = YES;
				CLANG_WARN_INFINITE_RECURSION = YES;
				CLANG_WARN_INT_CONVERSION = YES;
				CLANG_WARN_NON_LITERAL_NULL_CONVERSION = YES;
				CLANG_WARN_OBJC_IMPLICIT_RETAIN_SELF = YES;
				CLANG_WARN_OBJC_LITERAL_CONVERSION = YES;
				CLANG_WARN_OBJC_ROOT_CLASS = YES_ERROR;
				CLANG_WARN_QUOTED_INCLUDE_IN_FRAMEWORK_HEADER = YES;
				CLANG_WARN_RANGE_LOOP_ANALYSIS = YES;
				CLANG_WARN_STRICT_PROTOTYPES = YES;
				CLANG_WARN_SUSPICIOUS_MOVE = YES;
				CLANG_WARN_UNGUARDED_AVAILABILITY = YES_AGGRESSIVE;
				CLANG_WARN_UNREACHABLE_CODE = YES;
				CLANG_WARN__DUPLICATE_METHOD_MATCH = YES;
				COPY_PHASE_STRIP = NO;
				DEBUG_INFORMATION_FORMAT = dwarf;
				ENABLE_STRICT_OBJC_MSGSEND = YES;
				ENABLE_TESTABILITY = YES;
				ENABLE_USER_SCRIPT_SANDBOXING = YES;
				GCC_C_LANGUAGE_STANDARD = gnu17;
				GCC_DYNAMIC_NO_PIC = NO;
				GCC_NO_COMMON_BLOCKS = YES;
				GCC_OPTIMIZATION_LEVEL = 0;
				GCC_PREPROCESSOR_DEFINITIONS = (
					"DEBUG=1",
					"$(inherited)",
				);
				GCC_WARN_64_TO_32_BIT_CONVERSION = YES;
				GCC_WARN_ABOUT_RETURN_TYPE = YES_ERROR;
				GCC_WARN_UNDECLARED_SELECTOR = YES;
				GCC_WARN_UNINITIALIZED_AUTOS = YES_AGGRESSIVE;
				GCC_WARN_UNUSED_FUNCTION = YES;
				GCC_WARN_UNUSED_VARIABLE = YES;
				IPHONEOS_DEPLOYMENT_TARGET = 17.2;
				LOCALIZATION_PREFERS_STRING_CATALOGS = YES;
				MTL_ENABLE_DEBUG_INFO = INCLUDE_SOURCE;
				MTL_FAST_MATH = YES;
				ONLY_ACTIVE_ARCH = YES;
				SDKROOT = iphoneos;
				SWIFT_ACTIVE_COMPILATION_CONDITIONS = "DEBUG $(inherited)";
				SWIFT_OPTIMIZATION_LEVEL = "-Onone";
			};
			name = Debug;
		};
		BE0DCE8B2B989E1D00249D2E /* Release */ = {
			isa = XCBuildConfiguration;
			buildSettings = {
				ALWAYS_SEARCH_USER_PATHS = NO;
				ASSETCATALOG_COMPILER_GENERATE_SWIFT_ASSET_SYMBOL_EXTENSIONS = YES;
				CLANG_ANALYZER_NONNULL = YES;
				CLANG_ANALYZER_NUMBER_OBJECT_CONVERSION = YES_AGGRESSIVE;
				CLANG_CXX_LANGUAGE_STANDARD = "gnu++20";
				CLANG_ENABLE_MODULES = YES;
				CLANG_ENABLE_OBJC_ARC = YES;
				CLANG_ENABLE_OBJC_WEAK = YES;
				CLANG_WARN_BLOCK_CAPTURE_AUTORELEASING = YES;
				CLANG_WARN_BOOL_CONVERSION = YES;
				CLANG_WARN_COMMA = YES;
				CLANG_WARN_CONSTANT_CONVERSION = YES;
				CLANG_WARN_DEPRECATED_OBJC_IMPLEMENTATIONS = YES;
				CLANG_WARN_DIRECT_OBJC_ISA_USAGE = YES_ERROR;
				CLANG_WARN_DOCUMENTATION_COMMENTS = YES;
				CLANG_WARN_EMPTY_BODY = YES;
				CLANG_WARN_ENUM_CONVERSION = YES;
				CLANG_WARN_INFINITE_RECURSION = YES;
				CLANG_WARN_INT_CONVERSION = YES;
				CLANG_WARN_NON_LITERAL_NULL_CONVERSION = YES;
				CLANG_WARN_OBJC_IMPLICIT_RETAIN_SELF = YES;
				CLANG_WARN_OBJC_LITERAL_CONVERSION = YES;
				CLANG_WARN_OBJC_ROOT_CLASS = YES_ERROR;
				CLANG_WARN_QUOTED_INCLUDE_IN_FRAMEWORK_HEADER = YES;
				CLANG_WARN_RANGE_LOOP_ANALYSIS = YES;
				CLANG_WARN_STRICT_PROTOTYPES = YES;
				CLANG_WARN_SUSPICIOUS_MOVE = YES;
				CLANG_WARN_UNGUARDED_AVAILABILITY = YES_AGGRESSIVE;
				CLANG_WARN_UNREACHABLE_CODE = YES;
				CLANG_WARN__DUPLICATE_METHOD_MATCH = YES;
				COPY_PHASE_STRIP = NO;
				DEBUG_INFORMATION_FORMAT = "dwarf-with-dsym";
				ENABLE_NS_ASSERTIONS = NO;
				ENABLE_STRICT_OBJC_MSGSEND = YES;
				ENABLE_USER_SCRIPT_SANDBOXING = YES;
				GCC_C_LANGUAGE_STANDARD = gnu17;
				GCC_NO_COMMON_BLOCKS = YES;
				GCC_WARN_64_TO_32_BIT_CONVERSION = YES;
				GCC_WARN_ABOUT_RETURN_TYPE = YES_ERROR;
				GCC_WARN_UNDECLARED_SELECTOR = YES;
				GCC_WARN_UNINITIALIZED_AUTOS = YES_AGGRESSIVE;
				GCC_WARN_UNUSED_FUNCTION = YES;
				GCC_WARN_UNUSED_VARIABLE = YES;
				IPHONEOS_DEPLOYMENT_TARGET = 17.2;
				LOCALIZATION_PREFERS_STRING_CATALOGS = YES;
				MTL_ENABLE_DEBUG_INFO = NO;
				MTL_FAST_MATH = YES;
				SDKROOT = iphoneos;
				SWIFT_COMPILATION_MODE = wholemodule;
				VALIDATE_PRODUCT = YES;
			};
			name = Release;
		};
		BE0DCE8D2B989E1D00249D2E /* Debug */ = {
			isa = XCBuildConfiguration;
			buildSettings = {
				ASSETCATALOG_COMPILER_APPICON_NAME = AppIcon;
				ASSETCATALOG_COMPILER_GLOBAL_ACCENT_COLOR_NAME = AccentColor;
				CODE_SIGN_STYLE = Automatic;
				CURRENT_PROJECT_VERSION = 1;
				GENERATE_INFOPLIST_FILE = YES;
				INFOPLIST_FILE = Clima/Resources/Info.plist;
				INFOPLIST_KEY_UIApplicationSupportsIndirectInputEvents = YES;
				INFOPLIST_KEY_UILaunchStoryboardName = LaunchScreen;
				INFOPLIST_KEY_UISupportedInterfaceOrientations_iPad = "UIInterfaceOrientationPortrait UIInterfaceOrientationPortraitUpsideDown UIInterfaceOrientationLandscapeLeft UIInterfaceOrientationLandscapeRight";
				INFOPLIST_KEY_UISupportedInterfaceOrientations_iPhone = "UIInterfaceOrientationPortrait UIInterfaceOrientationLandscapeLeft UIInterfaceOrientationLandscapeRight";
				LD_RUNPATH_SEARCH_PATHS = (
					"$(inherited)",
					"@executable_path/Frameworks",
				);
				MARKETING_VERSION = 1.0;
				PRODUCT_BUNDLE_IDENTIFIER = IvanSemenov.Clima;
				PRODUCT_NAME = "$(TARGET_NAME)";
				SWIFT_EMIT_LOC_STRINGS = YES;
				SWIFT_VERSION = 5.0;
				TARGETED_DEVICE_FAMILY = "1,2";
			};
			name = Debug;
		};
		BE0DCE8E2B989E1D00249D2E /* Release */ = {
			isa = XCBuildConfiguration;
			buildSettings = {
				ASSETCATALOG_COMPILER_APPICON_NAME = AppIcon;
				ASSETCATALOG_COMPILER_GLOBAL_ACCENT_COLOR_NAME = AccentColor;
				CODE_SIGN_STYLE = Automatic;
				CURRENT_PROJECT_VERSION = 1;
				GENERATE_INFOPLIST_FILE = YES;
				INFOPLIST_FILE = Clima/Resources/Info.plist;
				INFOPLIST_KEY_UIApplicationSupportsIndirectInputEvents = YES;
				INFOPLIST_KEY_UILaunchStoryboardName = LaunchScreen;
				INFOPLIST_KEY_UISupportedInterfaceOrientations_iPad = "UIInterfaceOrientationPortrait UIInterfaceOrientationPortraitUpsideDown UIInterfaceOrientationLandscapeLeft UIInterfaceOrientationLandscapeRight";
				INFOPLIST_KEY_UISupportedInterfaceOrientations_iPhone = "UIInterfaceOrientationPortrait UIInterfaceOrientationLandscapeLeft UIInterfaceOrientationLandscapeRight";
				LD_RUNPATH_SEARCH_PATHS = (
					"$(inherited)",
					"@executable_path/Frameworks",
				);
				MARKETING_VERSION = 1.0;
				PRODUCT_BUNDLE_IDENTIFIER = IvanSemenov.Clima;
				PRODUCT_NAME = "$(TARGET_NAME)";
				SWIFT_EMIT_LOC_STRINGS = YES;
				SWIFT_VERSION = 5.0;
				TARGETED_DEVICE_FAMILY = "1,2";
			};
			name = Release;
		};
/* End XCBuildConfiguration section */

/* Begin XCConfigurationList section */
		BE0DCE732B989E1B00249D2E /* Build configuration list for PBXProject "Clima" */ = {
			isa = XCConfigurationList;
			buildConfigurations = (
				BE0DCE8A2B989E1D00249D2E /* Debug */,
				BE0DCE8B2B989E1D00249D2E /* Release */,
			);
			defaultConfigurationIsVisible = 0;
			defaultConfigurationName = Release;
		};
		BE0DCE8C2B989E1D00249D2E /* Build configuration list for PBXNativeTarget "Clima" */ = {
			isa = XCConfigurationList;
			buildConfigurations = (
				BE0DCE8D2B989E1D00249D2E /* Debug */,
				BE0DCE8E2B989E1D00249D2E /* Release */,
			);
			defaultConfigurationIsVisible = 0;
			defaultConfigurationName = Release;
		};
/* End XCConfigurationList section */
	};
	rootObject = BE0DCE702B989E1B00249D2E /* Project object */;
}
